# This file is automatically @generated by Cargo.
# It is not intended for manual editing.
[[package]]
name = "char16-literal"
version = "0.1.0"

[[package]]
name = "core-rt"
version = "0.1.0"

[[package]]
name = "efi"
version = "0.1.0"

[[package]]
name = "yboot2"
version = "0.1.0"
dependencies = [
 "char16-literal",
 "core-rt",
 "efi",
 "yboot2-proto",
]

[[package]]
name = "yboot2-proto"
version = "0.1.0"
source = "git+https://git.alnyan.me/yggdrasil/yboot2-proto.git#1591988e76a380b7b8fea261aaf2e04760790d5e"
